Microsoft Visual Studio Solution File, Format Version 12.00
# Visual Studio Version 17
VisualStudioVersion = 17.5.2.0
MinimumVisualStudioVersion = 10.0.40219.1
Project("{FAE04EC0-301F-11D3-BF4B-00C04F79EFBC}") = "BiblCalCore", "BiblCalCore.csproj", "{8B9C8ED5-9177-89E8-3E2A-19BD9494EE0F}"
EndProject
Global
	GlobalSection(SolutionConfigurationPlatforms) = preSolution
		Debug|Any CPU = Debug|Any CPU
		Release|Any CPU = Release|Any CPU
	EndGlobalSection
	GlobalSection(ProjectConfigurationPlatforms) = postSolution
		{8B9C8ED5-9177-89E8-3E2A-19BD9494EE0F}.Debug|Any CPU.ActiveCfg = Debug|Any CPU
		{8B9C8ED5-9177-89E8-3E2A-19BD9494EE0F}.Debug|Any CPU.Build.0 = Debug|Any CPU
		{8B9C8ED5-9177-89E8-3E2A-19BD9494EE0F}.Release|Any CPU.ActiveCfg = Release|Any CPU
		{8B9C8ED5-9177-89E8-3E2A-19BD9494EE0F}.Release|Any CPU.Build.0 = Release|Any CPU
	EndGlobalSection
	GlobalSection(SolutionProperties) = preSolution
		HideSolutionNode = FALSE
	EndGlobalSection
	GlobalSection(ExtensibilityGlobals) = postSolution
		SolutionGuid = {7ACA648F-6731-48A4-AEE9-80DA4BEEF83C}
	EndGlobalSection
EndGlobal
