Microsoft Visual Studio Solution File, Format Version 12.00
# Visual Studio Version 17
VisualStudioVersion = 17.5.2.0
MinimumVisualStudioVersion = 10.0.40219.1
Project("{FAE04EC0-301F-11D3-BF4B-00C04F79EFBC}") = "BiblCalMaui", "BiblCalMaui.csproj", "{12E1AFB2-7793-13C8-069A-F6DE3429BFFA}"
EndProject
Global
	GlobalSection(SolutionConfigurationPlatforms) = preSolution
		Debug|Any CPU = Debug|Any CPU
		Release|Any CPU = Release|Any CPU
	EndGlobalSection
	GlobalSection(ProjectConfigurationPlatforms) = postSolution
		{12E1AFB2-7793-13C8-069A-F6DE3429BFFA}.Debug|Any CPU.ActiveCfg = Debug|Any CPU
		{12E1AFB2-7793-13C8-069A-F6DE3429BFFA}.Debug|Any CPU.Build.0 = Debug|Any CPU
		{12E1AFB2-7793-13C8-069A-F6DE3429BFFA}.Release|Any CPU.ActiveCfg = Release|Any CPU
		{12E1AFB2-7793-13C8-069A-F6DE3429BFFA}.Release|Any CPU.Build.0 = Release|Any CPU
	EndGlobalSection
	GlobalSection(SolutionProperties) = preSolution
		HideSolutionNode = FALSE
	EndGlobalSection
	GlobalSection(ExtensibilityGlobals) = postSolution
		SolutionGuid = {1D6F0689-B890-4B7E-BEEF-A1E740419EDB}
	EndGlobalSection
EndGlobal
